
Microsoft Visual Studio Solution File, Format Version 12.00
# Visual Studio Version 17
VisualStudioVersion = 17.0.31717.71
MinimumVisualStudioVersion = 10.0.40219.1
Project("{9A19103F-16F7-4668-BE54-9A1E7A4F7556}") = "WtTools.Formats", "WtTools.Formats\WtTools.Formats.csproj", "{D12256EE-3A48-4A2C-B368-3B75A22C6807}"
EndProject
Project("{9A19103F-16F7-4668-BE54-9A1E7A4F7556}") = "WtTools.Unpacker", "WtTools.Unpacker\WtTools.Unpacker.csproj", "{2AC1670B-F2C8-40EC-A1E3-B07639FCC500}"
EndProject
Project("{9A19103F-16F7-4668-BE54-9A1E7A4F7556}") = "WtTools.Web", "WtTools.Web\WtTools.Web.csproj", "{5632976D-B8A2-4EE8-A3CE-FE07245D20FD}"
EndProject
Project("{2150E333-8FDC-42A3-9474-1A3956D46DE8}") = "WtTools.Utilities", "WtTools.Utilities", "{4ADD8023-36DC-4209-8225-57BC0111292D}"
EndProject
Project("{9A19103F-16F7-4668-BE54-9A1E7A4F7556}") = "WtTools.Utilities.CsvLocaleToJson", "WtTools.Utilities.CsvLocaleToJson\WtTools.Utilities.CsvLocaleToJson.csproj", "{5F6DDA83-3B4B-4502-9327-E06FD12A6F13}"
EndProject
Global
	GlobalSection(SolutionConfigurationPlatforms) = preSolution
		Debug|Any CPU = Debug|Any CPU
		Release|Any CPU = Release|Any CPU
	EndGlobalSection
	GlobalSection(ProjectConfigurationPlatforms) = postSolution
		{D12256EE-3A48-4A2C-B368-3B75A22C6807}.Debug|Any CPU.ActiveCfg = Debug|Any CPU
		{D12256EE-3A48-4A2C-B368-3B75A22C6807}.Debug|Any CPU.Build.0 = Debug|Any CPU
		{D12256EE-3A48-4A2C-B368-3B75A22C6807}.Release|Any CPU.ActiveCfg = Release|Any CPU
		{D12256EE-3A48-4A2C-B368-3B75A22C6807}.Release|Any CPU.Build.0 = Release|Any CPU
		{2AC1670B-F2C8-40EC-A1E3-B07639FCC500}.Debug|Any CPU.ActiveCfg = Debug|Any CPU
		{2AC1670B-F2C8-40EC-A1E3-B07639FCC500}.Debug|Any CPU.Build.0 = Debug|Any CPU
		{2AC1670B-F2C8-40EC-A1E3-B07639FCC500}.Release|Any CPU.ActiveCfg = Release|Any CPU
		{2AC1670B-F2C8-40EC-A1E3-B07639FCC500}.Release|Any CPU.Build.0 = Release|Any CPU
		{5632976D-B8A2-4EE8-A3CE-FE07245D20FD}.Debug|Any CPU.ActiveCfg = Debug|Any CPU
		{5632976D-B8A2-4EE8-A3CE-FE07245D20FD}.Debug|Any CPU.Build.0 = Debug|Any CPU
		{5632976D-B8A2-4EE8-A3CE-FE07245D20FD}.Release|Any CPU.ActiveCfg = Release|Any CPU
		{5632976D-B8A2-4EE8-A3CE-FE07245D20FD}.Release|Any CPU.Build.0 = Release|Any CPU
		{5F6DDA83-3B4B-4502-9327-E06FD12A6F13}.Debug|Any CPU.ActiveCfg = Debug|Any CPU
		{5F6DDA83-3B4B-4502-9327-E06FD12A6F13}.Debug|Any CPU.Build.0 = Debug|Any CPU
		{5F6DDA83-3B4B-4502-9327-E06FD12A6F13}.Release|Any CPU.ActiveCfg = Release|Any CPU
		{5F6DDA83-3B4B-4502-9327-E06FD12A6F13}.Release|Any CPU.Build.0 = Release|Any CPU
	EndGlobalSection
	GlobalSection(SolutionProperties) = preSolution
		HideSolutionNode = FALSE
	EndGlobalSection
	GlobalSection(NestedProjects) = preSolution
		{5F6DDA83-3B4B-4502-9327-E06FD12A6F13} = {4ADD8023-36DC-4209-8225-57BC0111292D}
	EndGlobalSection
	GlobalSection(ExtensibilityGlobals) = postSolution
		SolutionGuid = {EFDC91DA-7DCF-456A-9804-0BE1D86D360F}
	EndGlobalSection
EndGlobal
